
Microsoft Visual Studio Solution File, Format Version 12.00
# Visual Studio Version 17
VisualStudioVersion = 17.14.36915.13
MinimumVisualStudioVersion = 10.0.40219.1
Project("{FAE04EC0-301F-11D3-BF4B-00C04F79EFBC}") = "GameLibrary.API", "GameLibrary.API\GameLibrary.API.csproj", "{D2A234CD-8EE0-4003-AB3E-6A403A59BB0A}"
EndProject
Project("{FAE04EC0-301F-11D3-BF4B-00C04F79EFBC}") = "GameLibrary.Domain", "GameLibrary.Domain\GameLibrary.Domain.csproj", "{B8A5C3EE-1B6D-4BE4-8EE0-CA7F84DA954B}"
EndProject
Project("{FAE04EC0-301F-11D3-BF4B-00C04F79EFBC}") = "GameLibrary.Application", "GameLibrary.Application\GameLibrary.Application.csproj", "{C8980EDE-1F51-462C-BB48-30F6F2EA0AF7}"
EndProject
Project("{FAE04EC0-301F-11D3-BF4B-00C04F79EFBC}") = "GameLibrary.Infrastructure", "GameLibrary.Infrastructure\GameLibrary.Infrastructure.csproj", "{67E1B3A4-CC63-4652-AB58-67BA7355B865}"
EndProject
Project("{FAE04EC0-301F-11D3-BF4B-00C04F79EFBC}") = "GameLibrary.Blazor", "GameLibrary.Blazor\GameLibrary.Blazor.csproj", "{C059E35C-4705-49A6-A62F-99C47D940343}"
EndProject
Project("{FAE04EC0-301F-11D3-BF4B-00C04F79EFBC}") = "Tests", "Tests\Tests.csproj", "{4DBB1EB6-003E-411F-AE56-150753C9C8CE}"
EndProject
Project("{FAE04EC0-301F-11D3-BF4B-00C04F79EFBC}") = "GameLibrary.Shared", "GameLibrary.Shared\GameLibrary.Shared.csproj", "{1B9AB796-117A-4002-B1B3-7E198ABA514F}"
	ProjectSection(ProjectDependencies) = postProject
		{B8A5C3EE-1B6D-4BE4-8EE0-CA7F84DA954B} = {B8A5C3EE-1B6D-4BE4-8EE0-CA7F84DA954B}
	EndProjectSection
EndProject
Global
	GlobalSection(SolutionConfigurationPlatforms) = preSolution
		Debug|Any CPU = Debug|Any CPU
		Release|Any CPU = Release|Any CPU
	EndGlobalSection
	GlobalSection(ProjectConfigurationPlatforms) = postSolution
		{D2A234CD-8EE0-4003-AB3E-6A403A59BB0A}.Debug|Any CPU.ActiveCfg = Debug|Any CPU
		{D2A234CD-8EE0-4003-AB3E-6A403A59BB0A}.Debug|Any CPU.Build.0 = Debug|Any CPU
		{D2A234CD-8EE0-4003-AB3E-6A403A59BB0A}.Release|Any CPU.ActiveCfg = Release|Any CPU
		{D2A234CD-8EE0-4003-AB3E-6A403A59BB0A}.Release|Any CPU.Build.0 = Release|Any CPU
		{B8A5C3EE-1B6D-4BE4-8EE0-CA7F84DA954B}.Debug|Any CPU.ActiveCfg = Debug|Any CPU
		{B8A5C3EE-1B6D-4BE4-8EE0-CA7F84DA954B}.Debug|Any CPU.Build.0 = Debug|Any CPU
		{B8A5C3EE-1B6D-4BE4-8EE0-CA7F84DA954B}.Release|Any CPU.ActiveCfg = Release|Any CPU
		{B8A5C3EE-1B6D-4BE4-8EE0-CA7F84DA954B}.Release|Any CPU.Build.0 = Release|Any CPU
		{C8980EDE-1F51-462C-BB48-30F6F2EA0AF7}.Debug|Any CPU.ActiveCfg = Debug|Any CPU
		{C8980EDE-1F51-462C-BB48-30F6F2EA0AF7}.Debug|Any CPU.Build.0 = Debug|Any CPU
		{C8980EDE-1F51-462C-BB48-30F6F2EA0AF7}.Release|Any CPU.ActiveCfg = Release|Any CPU
		{C8980EDE-1F51-462C-BB48-30F6F2EA0AF7}.Release|Any CPU.Build.0 = Release|Any CPU
		{67E1B3A4-CC63-4652-AB58-67BA7355B865}.Debug|Any CPU.ActiveCfg = Debug|Any CPU
		{67E1B3A4-CC63-4652-AB58-67BA7355B865}.Debug|Any CPU.Build.0 = Debug|Any CPU
		{67E1B3A4-CC63-4652-AB58-67BA7355B865}.Release|Any CPU.ActiveCfg = Release|Any CPU
		{67E1B3A4-CC63-4652-AB58-67BA7355B865}.Release|Any CPU.Build.0 = Release|Any CPU
		{C059E35C-4705-49A6-A62F-99C47D940343}.Debug|Any CPU.ActiveCfg = Debug|Any CPU
		{C059E35C-4705-49A6-A62F-99C47D940343}.Debug|Any CPU.Build.0 = Debug|Any CPU
		{C059E35C-4705-49A6-A62F-99C47D940343}.Release|Any CPU.ActiveCfg = Release|Any CPU
		{C059E35C-4705-49A6-A62F-99C47D940343}.Release|Any CPU.Build.0 = Release|Any CPU
		{4DBB1EB6-003E-411F-AE56-150753C9C8CE}.Debug|Any CPU.ActiveCfg = Debug|Any CPU
		{4DBB1EB6-003E-411F-AE56-150753C9C8CE}.Debug|Any CPU.Build.0 = Debug|Any CPU
		{4DBB1EB6-003E-411F-AE56-150753C9C8CE}.Release|Any CPU.ActiveCfg = Release|Any CPU
		{4DBB1EB6-003E-411F-AE56-150753C9C8CE}.Release|Any CPU.Build.0 = Release|Any CPU
		{1B9AB796-117A-4002-B1B3-7E198ABA514F}.Debug|Any CPU.ActiveCfg = Debug|Any CPU
		{1B9AB796-117A-4002-B1B3-7E198ABA514F}.Debug|Any CPU.Build.0 = Debug|Any CPU
		{1B9AB796-117A-4002-B1B3-7E198ABA514F}.Release|Any CPU.ActiveCfg = Release|Any CPU
		{1B9AB796-117A-4002-B1B3-7E198ABA514F}.Release|Any CPU.Build.0 = Release|Any CPU
	EndGlobalSection
	GlobalSection(SolutionProperties) = preSolution
		HideSolutionNode = FALSE
	EndGlobalSection
	GlobalSection(ExtensibilityGlobals) = postSolution
		SolutionGuid = {713492E4-16F1-444D-9319-4F8B5A7B1D7D}
	EndGlobalSection
EndGlobal
