
Microsoft Visual Studio Solution File, Format Version 12.00
# Visual Studio Version 17
VisualStudioVersion = 17.14.36915.13 d17.14
MinimumVisualStudioVersion = 10.0.40219.1
Project("{FAE04EC0-301F-11D3-BF4B-00C04F79EFBC}") = "GameLibrary", "GameLibrary\GameLibrary.csproj", "{3CAA7019-6A44-4B82-989C-501FBFC7638D}"
EndProject
Global
	GlobalSection(SolutionConfigurationPlatforms) = preSolution
		Debug|Any CPU = Debug|Any CPU
		Release|Any CPU = Release|Any CPU
	EndGlobalSection
	GlobalSection(ProjectConfigurationPlatforms) = postSolution
		{3CAA7019-6A44-4B82-989C-501FBFC7638D}.Debug|Any CPU.ActiveCfg = Debug|Any CPU
		{3CAA7019-6A44-4B82-989C-501FBFC7638D}.Debug|Any CPU.Build.0 = Debug|Any CPU
		{3CAA7019-6A44-4B82-989C-501FBFC7638D}.Release|Any CPU.ActiveCfg = Release|Any CPU
		{3CAA7019-6A44-4B82-989C-501FBFC7638D}.Release|Any CPU.Build.0 = Release|Any CPU
	EndGlobalSection
	GlobalSection(SolutionProperties) = preSolution
		HideSolutionNode = FALSE
	EndGlobalSection
	GlobalSection(ExtensibilityGlobals) = postSolution
		SolutionGuid = {713492E4-16F1-444D-9319-4F8B5A7B1D7D}
	EndGlobalSection
EndGlobal
